
Microsoft Visual Studio Solution File, Format Version 12.00
# Visual Studio Version 17
VisualStudioVersion = 17.3.32505.426
MinimumVisualStudioVersion = 10.0.40219.1
Project("{2150E333-8FDC-42A3-9474-1A3956D46DE8}") = "Core", "Core", "{E43FAEC8-5309-4CD5-9DD3-21346994DB4C}"
EndProject
Project("{2150E333-8FDC-42A3-9474-1A3956D46DE8}") = "Extensions", "Extensions", "{097AE6E2-B251-4C8F-B159-093F9218F009}"
EndProject
Project("{FAE04EC0-301F-11D3-BF4B-00C04F79EFBC}") = "Remedy.Core.Extensions", "Remedy.Core.Extensions\Remedy.Core.Extensions.csproj", "{E37B8B70-D3AA-4D4B-B693-D465586A92EB}"
EndProject
Project("{2150E333-8FDC-42A3-9474-1A3956D46DE8}") = "src", "src", "{D9DC881C-708A-4A80-9F27-622ACA0CF3C3}"
EndProject
Project("{2150E333-8FDC-42A3-9474-1A3956D46DE8}") = "test", "test", "{9182BD26-B1CE-4E2E-A6F4-9B410EBE596D}"
EndProject
Project("{FAE04EC0-301F-11D3-BF4B-00C04F79EFBC}") = "Remedy.Test.Base", "Remedy.Test.Base\Remedy.Test.Base.csproj", "{DB8D2998-314B-4919-BA5D-88A4D7B96031}"
EndProject
Project("{FAE04EC0-301F-11D3-BF4B-00C04F79EFBC}") = "Remedy.Test.Core.Extensions", "Remedy.Test.Core.Extensions\Remedy.Test.Core.Extensions.csproj", "{61BFA7E6-3425-4F9D-8B62-8486F0384D58}"
EndProject
Project("{FAE04EC0-301F-11D3-BF4B-00C04F79EFBC}") = "Remedy.Core", "Remedy.Core\Remedy.Core.csproj", "{7880CBAD-534E-47F8-95F2-7A9BB9DB10A1}"
EndProject
Project("{FAE04EC0-301F-11D3-BF4B-00C04F79EFBC}") = "Remedy.Test.Core", "Remedy.Test.Core\Remedy.Test.Core.csproj", "{A6161622-ED35-49F9-9E55-D1ACF651F59C}"
EndProject
Global
	GlobalSection(SolutionConfigurationPlatforms) = preSolution
		Debug|Any CPU = Debug|Any CPU
		Release|Any CPU = Release|Any CPU
	EndGlobalSection
	GlobalSection(ProjectConfigurationPlatforms) = postSolution
		{E37B8B70-D3AA-4D4B-B693-D465586A92EB}.Debug|Any CPU.ActiveCfg = Debug|Any CPU
		{E37B8B70-D3AA-4D4B-B693-D465586A92EB}.Debug|Any CPU.Build.0 = Debug|Any CPU
		{E37B8B70-D3AA-4D4B-B693-D465586A92EB}.Release|Any CPU.ActiveCfg = Release|Any CPU
		{E37B8B70-D3AA-4D4B-B693-D465586A92EB}.Release|Any CPU.Build.0 = Release|Any CPU
		{DB8D2998-314B-4919-BA5D-88A4D7B96031}.Debug|Any CPU.ActiveCfg = Debug|Any CPU
		{DB8D2998-314B-4919-BA5D-88A4D7B96031}.Debug|Any CPU.Build.0 = Debug|Any CPU
		{DB8D2998-314B-4919-BA5D-88A4D7B96031}.Release|Any CPU.ActiveCfg = Release|Any CPU
		{DB8D2998-314B-4919-BA5D-88A4D7B96031}.Release|Any CPU.Build.0 = Release|Any CPU
		{61BFA7E6-3425-4F9D-8B62-8486F0384D58}.Debug|Any CPU.ActiveCfg = Debug|Any CPU
		{61BFA7E6-3425-4F9D-8B62-8486F0384D58}.Debug|Any CPU.Build.0 = Debug|Any CPU
		{61BFA7E6-3425-4F9D-8B62-8486F0384D58}.Release|Any CPU.ActiveCfg = Release|Any CPU
		{61BFA7E6-3425-4F9D-8B62-8486F0384D58}.Release|Any CPU.Build.0 = Release|Any CPU
		{7880CBAD-534E-47F8-95F2-7A9BB9DB10A1}.Debug|Any CPU.ActiveCfg = Debug|Any CPU
		{7880CBAD-534E-47F8-95F2-7A9BB9DB10A1}.Debug|Any CPU.Build.0 = Debug|Any CPU
		{7880CBAD-534E-47F8-95F2-7A9BB9DB10A1}.Release|Any CPU.ActiveCfg = Release|Any CPU
		{7880CBAD-534E-47F8-95F2-7A9BB9DB10A1}.Release|Any CPU.Build.0 = Release|Any CPU
		{A6161622-ED35-49F9-9E55-D1ACF651F59C}.Debug|Any CPU.ActiveCfg = Debug|Any CPU
		{A6161622-ED35-49F9-9E55-D1ACF651F59C}.Debug|Any CPU.Build.0 = Debug|Any CPU
		{A6161622-ED35-49F9-9E55-D1ACF651F59C}.Release|Any CPU.ActiveCfg = Release|Any CPU
		{A6161622-ED35-49F9-9E55-D1ACF651F59C}.Release|Any CPU.Build.0 = Release|Any CPU
	EndGlobalSection
	GlobalSection(SolutionProperties) = preSolution
		HideSolutionNode = FALSE
	EndGlobalSection
	GlobalSection(NestedProjects) = preSolution
		{E43FAEC8-5309-4CD5-9DD3-21346994DB4C} = {D9DC881C-708A-4A80-9F27-622ACA0CF3C3}
		{097AE6E2-B251-4C8F-B159-093F9218F009} = {D9DC881C-708A-4A80-9F27-622ACA0CF3C3}
		{E37B8B70-D3AA-4D4B-B693-D465586A92EB} = {097AE6E2-B251-4C8F-B159-093F9218F009}
		{DB8D2998-314B-4919-BA5D-88A4D7B96031} = {9182BD26-B1CE-4E2E-A6F4-9B410EBE596D}
		{61BFA7E6-3425-4F9D-8B62-8486F0384D58} = {9182BD26-B1CE-4E2E-A6F4-9B410EBE596D}
		{7880CBAD-534E-47F8-95F2-7A9BB9DB10A1} = {E43FAEC8-5309-4CD5-9DD3-21346994DB4C}
		{A6161622-ED35-49F9-9E55-D1ACF651F59C} = {9182BD26-B1CE-4E2E-A6F4-9B410EBE596D}
	EndGlobalSection
	GlobalSection(ExtensibilityGlobals) = postSolution
		SolutionGuid = {01173D26-3CE5-427A-BF01-DBCB29DE0137}
	EndGlobalSection
EndGlobal
